("quicklisp" .
 (:class qlot/source/dist:source-dist
  :initargs (:distribution "http://beta.quicklisp.org/dist/quicklisp.txt" :%version :latest)
  :version "2021-04-11"))
("ultralisp" .
 (:class qlot/source/dist:source-dist
  :initargs (:distribution "http://dist.ultralisp.org" :%version :latest)
  :version "20210422152500"))
("sly" .
 (:class qlot/source/github:source-github
  :initargs (:repos "svetlyak40wt/sly" :ref nil :branch "patches" :tag nil)
  :version "github-62eaa8112b926b328a9838e7d5b21c15"))
